{
    "_readme": [
        "This file locks the dependencies of your project to a known state",
        "Read more about it at https://getcomposer.org/doc/01-basic-usage.md#composer-lock-the-lock-file",
        "This file is @generated automatically"
    ],
    "content-hash": "5e839247d5cb8cad837df280e99c4978",
    "packages": [
        {
            "name": "kount/kount-ris-php-sdk",
            "version": "6.5.0",
            "source": {
                "type": "git",
                "url": "https://github.com/Kount/kount-ris-php-sdk.git",
                "reference": "f7eda901d888a4a63d781a2464e29d8c537441f7"
            },
            "dist": {
                "type": "zip",
                "url": "https://api.github.com/repos/Kount/kount-ris-php-sdk/zipball/f7eda901d888a4a63d781a2464e29d8c537441f7",
                "reference": "f7eda901d888a4a63d781a2464e29d8c537441f7",
                "shasum": ""
            },
            "require": {
                "ext-curl": "*",
                "ext-json": "*",
                "ext-mbstring": "*",
                "ext-xml": "*",
                "php": ">=5.5"
            },
            "require-dev": {
                "phpdocumentor/phpdocumentor": "2.*",
                "phpunit/phpunit": "4.8"
            },
            "type": "library",
            "notification-url": "https://packagist.org/downloads/",
            "license": [
                "Custom"
            ],
            "authors": [
                {
                    "name": "Kount",
                    "email": "support@kount.com"
                }
            ],
            "description": "PHP client for Kount Risk Inquiry Service.",
            "homepage": "https://github.com/Kount/kount-ris-php-sdk",
            "keywords": [
                "payments",
                "sdk",
                "test"
            ],
            "time": "2017-05-29T07:24:20+00:00"
        }
    ],
    "packages-dev": [],
    "aliases": [],
    "minimum-stability": "stable",
    "stability-flags": [],
    "prefer-stable": false,
    "prefer-lowest": false,
    "platform": [],
    "platform-dev": []
}
